{
  "object": {
    "pins": [
      {
        "package": "CypherPoetCore",
        "repositoryURL": "https://github.com/CypherPoet/CypherPoetCore.git",
        "state": {
          "branch": null,
          "revision": "e6136633aa89eb65587445b0834c589132d9244b",
          "version": "0.0.13"
        }
      },
      {
        "package": "NetStack",
        "repositoryURL": "https://github.com/CypherPoet/NetStack.git",
        "state": {
          "branch": null,
          "revision": "5d8e99ccc85b407bab39f133b008a39fb6d8ba18",
          "version": "0.0.7"
        }
      }
    ]
  },
  "version": 1
}
